// !$*UTF8*$!
{
	archiveVersion = 1;
	classes = {
	};
	objectVersion = 77;
	objects = {

/* Begin PBXBuildFile section */
		0907D1EEE1FB75D0D5035F04 /* AppCoordinator.swift in Sources */ = {isa = PBXBuildFile; fileRef = AE30DBF6DA4642AC589B8BAE /* AppCoordinator.swift */; };
		2006731AED308EE216B3B99E /* BaseScreen.swift in Sources */ = {isa = PBXBuildFile; fileRef = 719E5691E7B7E25DC741BB07 /* BaseScreen.swift */; };
		26DD1062AE45B61D3070BB0D /* RootCoordinatorView.swift in Sources */ = {isa = PBXBuildFile; fileRef = BEC90FD2327746403EAFE275 /* RootCoordinatorView.swift */; };
		3B90CC90C2034540376FA4D5 /* IOSTemplateApp.swift in Sources */ = {isa = PBXBuildFile; fileRef = 32F1E69737AB5EBAFDBBC12E /* IOSTemplateApp.swift */; };
		52E9C92B5D98CDD63CFCF11B /* SplashView.swift in Sources */ = {isa = PBXBuildFile; fileRef = 4BE3568FCC0EA6A121E36068 /* SplashView.swift */; };
		5C8DABBB636348BBFF2F62D4 /* LoginView.swift in Sources */ = {isa = PBXBuildFile; fileRef = 50F73BA872EB6B52D93C2CBE /* LoginView.swift */; };
		61884A55BE0177CD1CFAD092 /* LoginViewModel.swift in Sources */ = {isa = PBXBuildFile; fileRef = 8111CC69B83EE7BB9727DA71 /* LoginViewModel.swift */; };
		6E0A5192817659E53326B4E5 /* AppConfiguration.swift in Sources */ = {isa = PBXBuildFile; fileRef = CB40531A2EF781527C16B8FD /* AppConfiguration.swift */; };
		797BE49116BDC55E42E2CBA3 /* AppController.swift in Sources */ = {isa = PBXBuildFile; fileRef = 7369BDDC9E5C7E09F96EADA5 /* AppController.swift */; };
		8E82740F53B20361F68726DE /* ArticleDetailView.swift in Sources */ = {isa = PBXBuildFile; fileRef = DE8AE0CEB932FC1DCF8FC6EA /* ArticleDetailView.swift */; };
		96D36332CEAF9723E00C3207 /* HomeView.swift in Sources */ = {isa = PBXBuildFile; fileRef = F8FAE7F705E1E274091672E0 /* HomeView.swift */; };
		97091D509364379B44AE6C5C /* Assets.xcassets in Resources */ = {isa = PBXBuildFile; fileRef = 4FA66C475D4C961E63E43723 /* Assets.xcassets */; };
		9B4B0C98D4A7E588C23FA090 /* BaseViewModel.swift in Sources */ = {isa = PBXBuildFile; fileRef = 4E3296D2AD0900BED289FA9B /* BaseViewModel.swift */; };
		B5BDB07411F1F64BF0866D63 /* AppRoute.swift in Sources */ = {isa = PBXBuildFile; fileRef = 2A2DF704310EA3038829D2C3 /* AppRoute.swift */; };
		E63A61A1FEFA34651631B6F7 /* TemplateData in Frameworks */ = {isa = PBXBuildFile; productRef = CB6F870203498DF3C0E80D17 /* TemplateData */; };
		F93428EFB70309747E31D60F /* AppTheme.swift in Sources */ = {isa = PBXBuildFile; fileRef = 196220E847DED76BB6C063E2 /* AppTheme.swift */; };
		FC211C8DE90B724D402554B9 /* TemplateDomain in Frameworks */ = {isa = PBXBuildFile; productRef = 8A13E177383AFB5D6137B9A1 /* TemplateDomain */; };
		FE2368F7ACCDE3D0FF9D3DFD /* HomeViewModel.swift in Sources */ = {isa = PBXBuildFile; fileRef = A0E7F7D3B0EF4CB4EE0B39B6 /* HomeViewModel.swift */; };
/* End PBXBuildFile section */

/* Begin PBXFileReference section */
		196220E847DED76BB6C063E2 /* AppTheme.swift */ = {isa = PBXFileReference; lastKnownFileType = sourcecode.swift; path = AppTheme.swift; sourceTree = "<group>"; };
		2A2DF704310EA3038829D2C3 /* AppRoute.swift */ = {isa = PBXFileReference; lastKnownFileType = sourcecode.swift; path = AppRoute.swift; sourceTree = "<group>"; };
		32F1E69737AB5EBAFDBBC12E /* IOSTemplateApp.swift */ = {isa = PBXFileReference; lastKnownFileType = sourcecode.swift; path = IOSTemplateApp.swift; sourceTree = "<group>"; };
		39DF9E07ABCDEC4CC4301A7E /* iOS-template.app */ = {isa = PBXFileReference; includeInIndex = 0; lastKnownFileType = wrapper.application; path = "iOS-template.app"; sourceTree = BUILT_PRODUCTS_DIR; };
		4BE3568FCC0EA6A121E36068 /* SplashView.swift */ = {isa = PBXFileReference; lastKnownFileType = sourcecode.swift; path = SplashView.swift; sourceTree = "<group>"; };
		4E3296D2AD0900BED289FA9B /* BaseViewModel.swift */ = {isa = PBXFileReference; lastKnownFileType = sourcecode.swift; path = BaseViewModel.swift; sourceTree = "<group>"; };
		4FA66C475D4C961E63E43723 /* Assets.xcassets */ = {isa = PBXFileReference; lastKnownFileType = folder.assetcatalog; path = Assets.xcassets; sourceTree = "<group>"; };
		50F73BA872EB6B52D93C2CBE /* LoginView.swift */ = {isa = PBXFileReference; lastKnownFileType = sourcecode.swift; path = LoginView.swift; sourceTree = "<group>"; };
		719E5691E7B7E25DC741BB07 /* BaseScreen.swift */ = {isa = PBXFileReference; lastKnownFileType = sourcecode.swift; path = BaseScreen.swift; sourceTree = "<group>"; };
		7369BDDC9E5C7E09F96EADA5 /* AppController.swift */ = {isa = PBXFileReference; lastKnownFileType = sourcecode.swift; path = AppController.swift; sourceTree = "<group>"; };
		8111CC69B83EE7BB9727DA71 /* LoginViewModel.swift */ = {isa = PBXFileReference; lastKnownFileType = sourcecode.swift; path = LoginViewModel.swift; sourceTree = "<group>"; };
		83A89082A05D0DB38B9B9E45 /* TemplateDomain */ = {isa = PBXFileReference; lastKnownFileType = folder; name = TemplateDomain; path = Packages/TemplateDomain; sourceTree = SOURCE_ROOT; };
		A0E7F7D3B0EF4CB4EE0B39B6 /* HomeViewModel.swift */ = {isa = PBXFileReference; lastKnownFileType = sourcecode.swift; path = HomeViewModel.swift; sourceTree = "<group>"; };
		AE30DBF6DA4642AC589B8BAE /* AppCoordinator.swift */ = {isa = PBXFileReference; lastKnownFileType = sourcecode.swift; path = AppCoordinator.swift; sourceTree = "<group>"; };
		BEC90FD2327746403EAFE275 /* RootCoordinatorView.swift */ = {isa = PBXFileReference; lastKnownFileType = sourcecode.swift; path = RootCoordinatorView.swift; sourceTree = "<group>"; };
		CB40531A2EF781527C16B8FD /* AppConfiguration.swift */ = {isa = PBXFileReference; lastKnownFileType = sourcecode.swift; path = AppConfiguration.swift; sourceTree = "<group>"; };
		DC6C961BAE2145BB6CD50533 /* TemplateData */ = {isa = PBXFileReference; lastKnownFileType = folder; name = TemplateData; path = Packages/TemplateData; sourceTree = SOURCE_ROOT; };
		DE8AE0CEB932FC1DCF8FC6EA /* ArticleDetailView.swift */ = {isa = PBXFileReference; lastKnownFileType = sourcecode.swift; path = ArticleDetailView.swift; sourceTree = "<group>"; };
		F8FAE7F705E1E274091672E0 /* HomeView.swift */ = {isa = PBXFileReference; lastKnownFileType = sourcecode.swift; path = HomeView.swift; sourceTree = "<group>"; };
/* End PBXFileReference section */

/* Begin PBXFrameworksBuildPhase section */
		D50499E6FE1D78FAE398F107 /* Frameworks */ = {
			isa = PBXFrameworksBuildPhase;
			buildActionMask = 2147483647;
			files = (
				FC211C8DE90B724D402554B9 /* TemplateDomain in Frameworks */,
				E63A61A1FEFA34651631B6F7 /* TemplateData in Frameworks */,
			);
			runOnlyForDeploymentPostprocessing = 0;
		};
/* End PBXFrameworksBuildPhase section */

/* Begin PBXGroup section */
		348706AD7AE410608B928EFF /* Auth */ = {
			isa = PBXGroup;
			children = (
				50F73BA872EB6B52D93C2CBE /* LoginView.swift */,
				8111CC69B83EE7BB9727DA71 /* LoginViewModel.swift */,
			);
			path = Auth;
			sourceTree = "<group>";
		};
		4A1429385D0B61C5183F9A73 /* Configuration */ = {
			isa = PBXGroup;
			children = (
				CB40531A2EF781527C16B8FD /* AppConfiguration.swift */,
			);
			path = Configuration;
			sourceTree = "<group>";
		};
		5EBAF2CFD418C31CF4EB03DE /* App */ = {
			isa = PBXGroup;
			children = (
				710B09D34C3C02DD2F4F9CEE /* Base */,
				4A1429385D0B61C5183F9A73 /* Configuration */,
				971849B58C686200E6167FF6 /* Features */,
				9D31FFA72085763EC9D8B5C3 /* Navigation */,
				7369BDDC9E5C7E09F96EADA5 /* AppController.swift */,
				196220E847DED76BB6C063E2 /* AppTheme.swift */,
				4FA66C475D4C961E63E43723 /* Assets.xcassets */,
				32F1E69737AB5EBAFDBBC12E /* IOSTemplateApp.swift */,
			);
			path = App;
			sourceTree = "<group>";
		};
		67720D8EABB5ACFFDC4EABF2 /* Products */ = {
			isa = PBXGroup;
			children = (
				39DF9E07ABCDEC4CC4301A7E /* iOS-template.app */,
			);
			name = Products;
			sourceTree = "<group>";
		};
		702B95869CD0E2FF952F689B /* Home */ = {
			isa = PBXGroup;
			children = (
				DE8AE0CEB932FC1DCF8FC6EA /* ArticleDetailView.swift */,
				F8FAE7F705E1E274091672E0 /* HomeView.swift */,
				A0E7F7D3B0EF4CB4EE0B39B6 /* HomeViewModel.swift */,
			);
			path = Home;
			sourceTree = "<group>";
		};
		710B09D34C3C02DD2F4F9CEE /* Base */ = {
			isa = PBXGroup;
			children = (
				719E5691E7B7E25DC741BB07 /* BaseScreen.swift */,
				4E3296D2AD0900BED289FA9B /* BaseViewModel.swift */,
			);
			path = Base;
			sourceTree = "<group>";
		};
		77773AC9AD1C4C833C58541D /* Splash */ = {
			isa = PBXGroup;
			children = (
				4BE3568FCC0EA6A121E36068 /* SplashView.swift */,
			);
			path = Splash;
			sourceTree = "<group>";
		};
		971849B58C686200E6167FF6 /* Features */ = {
			isa = PBXGroup;
			children = (
				348706AD7AE410608B928EFF /* Auth */,
				702B95869CD0E2FF952F689B /* Home */,
				77773AC9AD1C4C833C58541D /* Splash */,
			);
			path = Features;
			sourceTree = "<group>";
		};
		9D31FFA72085763EC9D8B5C3 /* Navigation */ = {
			isa = PBXGroup;
			children = (
				AE30DBF6DA4642AC589B8BAE /* AppCoordinator.swift */,
				2A2DF704310EA3038829D2C3 /* AppRoute.swift */,
				BEC90FD2327746403EAFE275 /* RootCoordinatorView.swift */,
			);
			path = Navigation;
			sourceTree = "<group>";
		};
		D954B26165BD8E30D6C4E4ED = {
			isa = PBXGroup;
			children = (
				5EBAF2CFD418C31CF4EB03DE /* App */,
				E83E4505FDF2E85E982CAB13 /* Packages */,
				67720D8EABB5ACFFDC4EABF2 /* Products */,
			);
			sourceTree = "<group>";
		};
		E83E4505FDF2E85E982CAB13 /* Packages */ = {
			isa = PBXGroup;
			children = (
				DC6C961BAE2145BB6CD50533 /* TemplateData */,
				83A89082A05D0DB38B9B9E45 /* TemplateDomain */,
			);
			path = Packages;
			sourceTree = "<group>";
		};
/* End PBXGroup section */

/* Begin PBXNativeTarget section */
		DB5691E04EEC71A476170579 /* iOS-template */ = {
			isa = PBXNativeTarget;
			buildConfigurationList = 4DA66E9DE24F55DFC458939A /* Build configuration list for PBXNativeTarget "iOS-template" */;
			buildPhases = (
				C4628B3864409C631C6EB529 /* Sources */,
				E30BD289579C1BBCA6752968 /* Resources */,
				D50499E6FE1D78FAE398F107 /* Frameworks */,
			);
			buildRules = (
			);
			dependencies = (
			);
			name = "iOS-template";
			packageProductDependencies = (
				8A13E177383AFB5D6137B9A1 /* TemplateDomain */,
				CB6F870203498DF3C0E80D17 /* TemplateData */,
			);
			productName = "iOS-template";
			productReference = 39DF9E07ABCDEC4CC4301A7E /* iOS-template.app */;
			productType = "com.apple.product-type.application";
		};
/* End PBXNativeTarget section */

/* Begin PBXProject section */
		3E0E35CEA24916687FC9BF41 /* Project object */ = {
			isa = PBXProject;
			attributes = {
				BuildIndependentTargetsInParallel = YES;
				LastUpgradeCheck = 1500;
				TargetAttributes = {
				};
			};
			buildConfigurationList = 2E791411244219F30602D503 /* Build configuration list for PBXProject "iOS-template" */;
			developmentRegion = en;
			hasScannedForEncodings = 0;
			knownRegions = (
				Base,
				en,
			);
			mainGroup = D954B26165BD8E30D6C4E4ED;
			minimizedProjectReferenceProxies = 1;
			packageReferences = (
				7C62799340D98718A3665167 /* XCLocalSwiftPackageReference "Packages/TemplateData" */,
				88D33B40342B73460DB273EC /* XCLocalSwiftPackageReference "Packages/TemplateDomain" */,
			);
			preferredProjectObjectVersion = 77;
			productRefGroup = 67720D8EABB5ACFFDC4EABF2 /* Products */;
			projectDirPath = "";
			projectRoot = "";
			targets = (
				DB5691E04EEC71A476170579 /* iOS-template */,
			);
		};
/* End PBXProject section */

/* Begin PBXResourcesBuildPhase section */
		E30BD289579C1BBCA6752968 /* Resources */ = {
			isa = PBXResourcesBuildPhase;
			buildActionMask = 2147483647;
			files = (
				97091D509364379B44AE6C5C /* Assets.xcassets in Resources */,
			);
			runOnlyForDeploymentPostprocessing = 0;
		};
/* End PBXResourcesBuildPhase section */

/* Begin PBXSourcesBuildPhase section */
		C4628B3864409C631C6EB529 /* Sources */ = {
			isa = PBXSourcesBuildPhase;
			buildActionMask = 2147483647;
			files = (
				6E0A5192817659E53326B4E5 /* AppConfiguration.swift in Sources */,
				797BE49116BDC55E42E2CBA3 /* AppController.swift in Sources */,
				0907D1EEE1FB75D0D5035F04 /* AppCoordinator.swift in Sources */,
				B5BDB07411F1F64BF0866D63 /* AppRoute.swift in Sources */,
				F93428EFB70309747E31D60F /* AppTheme.swift in Sources */,
				8E82740F53B20361F68726DE /* ArticleDetailView.swift in Sources */,
				2006731AED308EE216B3B99E /* BaseScreen.swift in Sources */,
				9B4B0C98D4A7E588C23FA090 /* BaseViewModel.swift in Sources */,
				96D36332CEAF9723E00C3207 /* HomeView.swift in Sources */,
				FE2368F7ACCDE3D0FF9D3DFD /* HomeViewModel.swift in Sources */,
				3B90CC90C2034540376FA4D5 /* IOSTemplateApp.swift in Sources */,
				5C8DABBB636348BBFF2F62D4 /* LoginView.swift in Sources */,
				61884A55BE0177CD1CFAD092 /* LoginViewModel.swift in Sources */,
				26DD1062AE45B61D3070BB0D /* RootCoordinatorView.swift in Sources */,
				52E9C92B5D98CDD63CFCF11B /* SplashView.swift in Sources */,
			);
			runOnlyForDeploymentPostprocessing = 0;
		};
/* End PBXSourcesBuildPhase section */

/* Begin XCBuildConfiguration section */
		069D02B974262013BBC83D20 /* Debug */ = {
			isa = XCBuildConfiguration;
			buildSettings = {
				ALWAYS_SEARCH_USER_PATHS = NO;
				CLANG_ANALYZER_NONNULL = YES;
				CLANG_ANALYZER_NUMBER_OBJECT_CONVERSION = YES_AGGRESSIVE;
				CLANG_CXX_LANGUAGE_STANDARD = "gnu++14";
				CLANG_CXX_LIBRARY = "libc++";
				CLANG_ENABLE_MODULES = YES;
				CLANG_ENABLE_OBJC_ARC = YES;
				CLANG_ENABLE_OBJC_WEAK = YES;
				CLANG_WARN_BLOCK_CAPTURE_AUTORELEASING = YES;
				CLANG_WARN_BOOL_CONVERSION = YES;
				CLANG_WARN_COMMA = YES;
				CLANG_WARN_CONSTANT_CONVERSION = YES;
				CLANG_WARN_DEPRECATED_OBJC_IMPLEMENTATIONS = YES;
				CLANG_WARN_DIRECT_OBJC_ISA_USAGE = YES_ERROR;
				CLANG_WARN_DOCUMENTATION_COMMENTS = YES;
				CLANG_WARN_EMPTY_BODY = YES;
				CLANG_WARN_ENUM_CONVERSION = YES;
				CLANG_WARN_INFINITE_RECURSION = YES;
				CLANG_WARN_INT_CONVERSION = YES;
				CLANG_WARN_NON_LITERAL_NULL_CONVERSION = YES;
				CLANG_WARN_OBJC_IMPLICIT_RETAIN_SELF = YES;
				CLANG_WARN_OBJC_LITERAL_CONVERSION = YES;
				CLANG_WARN_OBJC_ROOT_CLASS = YES_ERROR;
				CLANG_WARN_QUOTED_INCLUDE_IN_FRAMEWORK_HEADER = YES;
				CLANG_WARN_RANGE_LOOP_ANALYSIS = YES;
				CLANG_WARN_STRICT_PROTOTYPES = YES;
				CLANG_WARN_SUSPICIOUS_MOVE = YES;
				CLANG_WARN_UNGUARDED_AVAILABILITY = YES_AGGRESSIVE;
				CLANG_WARN_UNREACHABLE_CODE = YES;
				CLANG_WARN__DUPLICATE_METHOD_MATCH = YES;
				COPY_PHASE_STRIP = NO;
				DEBUG_INFORMATION_FORMAT = dwarf;
				ENABLE_STRICT_OBJC_MSGSEND = YES;
				ENABLE_TESTABILITY = YES;
				GCC_C_LANGUAGE_STANDARD = gnu11;
				GCC_DYNAMIC_NO_PIC = NO;
				GCC_NO_COMMON_BLOCKS = YES;
				GCC_OPTIMIZATION_LEVEL = 0;
				GCC_PREPROCESSOR_DEFINITIONS = (
					"$(inherited)",
					"DEBUG=1",
				);
				GCC_WARN_64_TO_32_BIT_CONVERSION = YES;
				GCC_WARN_ABOUT_RETURN_TYPE = YES_ERROR;
				GCC_WARN_UNDECLARED_SELECTOR = YES;
				GCC_WARN_UNINITIALIZED_AUTOS = YES_AGGRESSIVE;
				GCC_WARN_UNUSED_FUNCTION = YES;
				GCC_WARN_UNUSED_VARIABLE = YES;
				GENERATE_INFOPLIST_FILE = YES;
				INFOPLIST_KEY_UILaunchScreen_Generation = YES;
				INFOPLIST_KEY_UISupportedInterfaceOrientations_iPhone = UIInterfaceOrientationPortrait;
				IPHONEOS_DEPLOYMENT_TARGET = 17.0;
				MTL_ENABLE_DEBUG_INFO = INCLUDE_SOURCE;
				MTL_FAST_MATH = YES;
				ONLY_ACTIVE_ARCH = YES;
				PRODUCT_NAME = "$(TARGET_NAME)";
				SDKROOT = iphoneos;
				SWIFT_ACTIVE_COMPILATION_CONDITIONS = DEBUG;
				SWIFT_OPTIMIZATION_LEVEL = "-Onone";
				SWIFT_VERSION = 5.9;
				TARGETED_DEVICE_FAMILY = "1,2";
			};
			name = Debug;
		};
		4460E9C7D8D5C8B736EAF352 /* Debug */ = {
			isa = XCBuildConfiguration;
			buildSettings = {
				ASSETCATALOG_COMPILER_APPICON_NAME = AppIcon;
				CODE_SIGN_IDENTITY = "iPhone Developer";
				LD_RUNPATH_SEARCH_PATHS = (
					"$(inherited)",
					"@executable_path/Frameworks",
				);
				PRODUCT_BUNDLE_IDENTIFIER = "com.template.ios-template";
				SDKROOT = iphoneos;
				TARGETED_DEVICE_FAMILY = "1,2";
			};
			name = Debug;
		};
		6AF7014F6A749DF2167519A4 /* Release */ = {
			isa = XCBuildConfiguration;
			buildSettings = {
				ASSETCATALOG_COMPILER_APPICON_NAME = AppIcon;
				CODE_SIGN_IDENTITY = "iPhone Developer";
				LD_RUNPATH_SEARCH_PATHS = (
					"$(inherited)",
					"@executable_path/Frameworks",
				);
				PRODUCT_BUNDLE_IDENTIFIER = "com.template.ios-template";
				SDKROOT = iphoneos;
				TARGETED_DEVICE_FAMILY = "1,2";
			};
			name = Release;
		};
		83CD9D38D5D2304CA59B46FC /* Release */ = {
			isa = XCBuildConfiguration;
			buildSettings = {
				ALWAYS_SEARCH_USER_PATHS = NO;
				CLANG_ANALYZER_NONNULL = YES;
				CLANG_ANALYZER_NUMBER_OBJECT_CONVERSION = YES_AGGRESSIVE;
				CLANG_CXX_LANGUAGE_STANDARD = "gnu++14";
				CLANG_CXX_LIBRARY = "libc++";
				CLANG_ENABLE_MODULES = YES;
				CLANG_ENABLE_OBJC_ARC = YES;
				CLANG_ENABLE_OBJC_WEAK = YES;
				CLANG_WARN_BLOCK_CAPTURE_AUTORELEASING = YES;
				CLANG_WARN_BOOL_CONVERSION = YES;
				CLANG_WARN_COMMA = YES;
				CLANG_WARN_CONSTANT_CONVERSION = YES;
				CLANG_WARN_DEPRECATED_OBJC_IMPLEMENTATIONS = YES;
				CLANG_WARN_DIRECT_OBJC_ISA_USAGE = YES_ERROR;
				CLANG_WARN_DOCUMENTATION_COMMENTS = YES;
				CLANG_WARN_EMPTY_BODY = YES;
				CLANG_WARN_ENUM_CONVERSION = YES;
				CLANG_WARN_INFINITE_RECURSION = YES;
				CLANG_WARN_INT_CONVERSION = YES;
				CLANG_WARN_NON_LITERAL_NULL_CONVERSION = YES;
				CLANG_WARN_OBJC_IMPLICIT_RETAIN_SELF = YES;
				CLANG_WARN_OBJC_LITERAL_CONVERSION = YES;
				CLANG_WARN_OBJC_ROOT_CLASS = YES_ERROR;
				CLANG_WARN_QUOTED_INCLUDE_IN_FRAMEWORK_HEADER = YES;
				CLANG_WARN_RANGE_LOOP_ANALYSIS = YES;
				CLANG_WARN_STRICT_PROTOTYPES = YES;
				CLANG_WARN_SUSPICIOUS_MOVE = YES;
				CLANG_WARN_UNGUARDED_AVAILABILITY = YES_AGGRESSIVE;
				CLANG_WARN_UNREACHABLE_CODE = YES;
				CLANG_WARN__DUPLICATE_METHOD_MATCH = YES;
				COPY_PHASE_STRIP = NO;
				DEBUG_INFORMATION_FORMAT = "dwarf-with-dsym";
				ENABLE_NS_ASSERTIONS = NO;
				ENABLE_STRICT_OBJC_MSGSEND = YES;
				GCC_C_LANGUAGE_STANDARD = gnu11;
				GCC_NO_COMMON_BLOCKS = YES;
				GCC_WARN_64_TO_32_BIT_CONVERSION = YES;
				GCC_WARN_ABOUT_RETURN_TYPE = YES_ERROR;
				GCC_WARN_UNDECLARED_SELECTOR = YES;
				GCC_WARN_UNINITIALIZED_AUTOS = YES_AGGRESSIVE;
				GCC_WARN_UNUSED_FUNCTION = YES;
				GCC_WARN_UNUSED_VARIABLE = YES;
				GENERATE_INFOPLIST_FILE = YES;
				INFOPLIST_KEY_UILaunchScreen_Generation = YES;
				INFOPLIST_KEY_UISupportedInterfaceOrientations_iPhone = UIInterfaceOrientationPortrait;
				IPHONEOS_DEPLOYMENT_TARGET = 17.0;
				MTL_ENABLE_DEBUG_INFO = NO;
				MTL_FAST_MATH = YES;
				PRODUCT_NAME = "$(TARGET_NAME)";
				SDKROOT = iphoneos;
				SWIFT_COMPILATION_MODE = wholemodule;
				SWIFT_OPTIMIZATION_LEVEL = "-O";
				SWIFT_VERSION = 5.9;
				TARGETED_DEVICE_FAMILY = "1,2";
			};
			name = Release;
		};
/* End XCBuildConfiguration section */

/* Begin XCConfigurationList section */
		2E791411244219F30602D503 /* Build configuration list for PBXProject "iOS-template" */ = {
			isa = XCConfigurationList;
			buildConfigurations = (
				069D02B974262013BBC83D20 /* Debug */,
				83CD9D38D5D2304CA59B46FC /* Release */,
			);
			defaultConfigurationIsVisible = 0;
			defaultConfigurationName = Debug;
		};
		4DA66E9DE24F55DFC458939A /* Build configuration list for PBXNativeTarget "iOS-template" */ = {
			isa = XCConfigurationList;
			buildConfigurations = (
				4460E9C7D8D5C8B736EAF352 /* Debug */,
				6AF7014F6A749DF2167519A4 /* Release */,
			);
			defaultConfigurationIsVisible = 0;
			defaultConfigurationName = Debug;
		};
/* End XCConfigurationList section */

/* Begin XCLocalSwiftPackageReference section */
		7C62799340D98718A3665167 /* XCLocalSwiftPackageReference "Packages/TemplateData" */ = {
			isa = XCLocalSwiftPackageReference;
			relativePath = Packages/TemplateData;
		};
		88D33B40342B73460DB273EC /* XCLocalSwiftPackageReference "Packages/TemplateDomain" */ = {
			isa = XCLocalSwiftPackageReference;
			relativePath = Packages/TemplateDomain;
		};
/* End XCLocalSwiftPackageReference section */

/* Begin XCSwiftPackageProductDependency section */
		8A13E177383AFB5D6137B9A1 /* TemplateDomain */ = {
			isa = XCSwiftPackageProductDependency;
			productName = TemplateDomain;
		};
		CB6F870203498DF3C0E80D17 /* TemplateData */ = {
			isa = XCSwiftPackageProductDependency;
			productName = TemplateData;
		};
/* End XCSwiftPackageProductDependency section */
	};
	rootObject = 3E0E35CEA24916687FC9BF41 /* Project object */;
}
